
Microsoft Visual Studio Solution File, Format Version 12.00
# Visual Studio Version 17
VisualStudioVersion = 17.9.34607.119
MinimumVisualStudioVersion = 10.0.40219.1
Project("{FAE04EC0-301F-11D3-BF4B-00C04F79EFBC}") = "Ado.net_5", "Ado.net_5\Ado.net_5.csproj", "{CD6DEA8A-5DC9-475E-B179-76C56DDE54A7}"
EndProject
Project("{FAE04EC0-301F-11D3-BF4B-00C04F79EFBC}") = "Data", "Data\Data.csproj", "{9BD0CBA5-1973-42C8-8CA3-1DF29F389F0F}"
EndProject
Global
	GlobalSection(SolutionConfigurationPlatforms) = preSolution
		Debug|Any CPU = Debug|Any CPU
		Release|Any CPU = Release|Any CPU
	EndGlobalSection
	GlobalSection(ProjectConfigurationPlatforms) = postSolution
		{CD6DEA8A-5DC9-475E-B179-76C56DDE54A7}.Debug|Any CPU.ActiveCfg = Debug|Any CPU
		{CD6DEA8A-5DC9-475E-B179-76C56DDE54A7}.Debug|Any CPU.Build.0 = Debug|Any CPU
		{CD6DEA8A-5DC9-475E-B179-76C56DDE54A7}.Release|Any CPU.ActiveCfg = Release|Any CPU
		{CD6DEA8A-5DC9-475E-B179-76C56DDE54A7}.Release|Any CPU.Build.0 = Release|Any CPU
		{9BD0CBA5-1973-42C8-8CA3-1DF29F389F0F}.Debug|Any CPU.ActiveCfg = Debug|Any CPU
		{9BD0CBA5-1973-42C8-8CA3-1DF29F389F0F}.Debug|Any CPU.Build.0 = Debug|Any CPU
		{9BD0CBA5-1973-42C8-8CA3-1DF29F389F0F}.Release|Any CPU.ActiveCfg = Release|Any CPU
		{9BD0CBA5-1973-42C8-8CA3-1DF29F389F0F}.Release|Any CPU.Build.0 = Release|Any CPU
	EndGlobalSection
	GlobalSection(SolutionProperties) = preSolution
		HideSolutionNode = FALSE
	EndGlobalSection
	GlobalSection(ExtensibilityGlobals) = postSolution
		SolutionGuid = {8225C070-2D65-462B-A5AB-89D2450C34F1}
	EndGlobalSection
EndGlobal
